
Microsoft Visual Studio Solution File, Format Version 12.00
# Visual Studio 15
Project("{FAE04EC0-301F-11D3-BF4B-00C04F79EFBC}") = "UnityEngine.UI", "UnityEngine.UI.csproj", "{5F265016-F71F-A07C-C1D4-8CDF127B6FE7}"
EndProject
Project("{FAE04EC0-301F-11D3-BF4B-00C04F79EFBC}") = "UnityEngine.TestRunner", "UnityEngine.TestRunner.csproj", "{5778E7EC-46C2-0997-ECE5-C40D041DD8C3}"
EndProject
Project("{FAE04EC0-301F-11D3-BF4B-00C04F79EFBC}") = "Unity.VisualScripting.Flow", "Unity.VisualScripting.Flow.csproj", "{1C08EA7F-F5E8-83B3-E627-84A09E5B0E50}"
EndProject
Project("{FAE04EC0-301F-11D3-BF4B-00C04F79EFBC}") = "Unity.Services.Core.Telemetry", "Unity.Services.Core.Telemetry.csproj", "{E9C489F1-7207-3BB5-486B-3092E99D313D}"
EndProject
Project("{FAE04EC0-301F-11D3-BF4B-00C04F79EFBC}") = "Unity.VisualScripting.State", "Unity.VisualScripting.State.csproj", "{52679AE5-C354-8061-168C-F3D540F1EFEC}"
EndProject
Project("{FAE04EC0-301F-11D3-BF4B-00C04F79EFBC}") = "Unity.VisualScripting.Core", "Unity.VisualScripting.Core.csproj", "{2574FF86-D934-0512-A12B-52FEF977A7E9}"
EndProject
Project("{FAE04EC0-301F-11D3-BF4B-00C04F79EFBC}") = "Unity.Services.Core.Environments.Internal", "Unity.Services.Core.Environments.Internal.csproj", "{86DFB4D4-270F-19B2-7665-493DE1A99191}"
EndProject
Project("{FAE04EC0-301F-11D3-BF4B-00C04F79EFBC}") = "Unity.TextMeshPro", "Unity.TextMeshPro.csproj", "{EC5DADD9-BB11-2B02-2D57-942BFF70F7E8}"
EndProject
Project("{FAE04EC0-301F-11D3-BF4B-00C04F79EFBC}") = "Unity.Timeline", "Unity.Timeline.csproj", "{C63031CD-EFEF-7BD8-81A5-41A088AE9E1D}"
EndProject
Project("{FAE04EC0-301F-11D3-BF4B-00C04F79EFBC}") = "Unity.Postprocessing.Runtime", "Unity.Postprocessing.Runtime.csproj", "{38F022C6-91D4-F481-7F96-54B5BB4321F5}"
EndProject
Project("{FAE04EC0-301F-11D3-BF4B-00C04F79EFBC}") = "Assembly-CSharp", "Assembly-CSharp.csproj", "{2953A1E6-75BC-9AAF-5004-3C38C5861D6E}"
EndProject
Project("{FAE04EC0-301F-11D3-BF4B-00C04F79EFBC}") = "Unity.Services.Core.Environments", "Unity.Services.Core.Environments.csproj", "{4E56B0C2-8691-0D53-5808-53027FAA3637}"
EndProject
Project("{FAE04EC0-301F-11D3-BF4B-00C04F79EFBC}") = "Unity.Services.Core.Internal", "Unity.Services.Core.Internal.csproj", "{3EA6B68D-D93E-7C64-E149-B3CE72EA4BA6}"
EndProject
Project("{FAE04EC0-301F-11D3-BF4B-00C04F79EFBC}") = "Unity.Services.Core.Analytics", "Unity.Services.Core.Analytics.csproj", "{12CFE68A-EF51-B35A-FB54-B8174B7669CE}"
EndProject
Project("{FAE04EC0-301F-11D3-BF4B-00C04F79EFBC}") = "Unity.Services.Core.Scheduler", "Unity.Services.Core.Scheduler.csproj", "{2B9E1938-5BC9-8B51-5850-71DB0547A055}"
EndProject
Project("{FAE04EC0-301F-11D3-BF4B-00C04F79EFBC}") = "Unity.Services.Core.Registration", "Unity.Services.Core.Registration.csproj", "{9E4AC0A9-1C49-F8BE-0B81-656CA68D6361}"
EndProject
Project("{FAE04EC0-301F-11D3-BF4B-00C04F79EFBC}") = "Unity.Services.Core.Device", "Unity.Services.Core.Device.csproj", "{8E44CADA-F2D2-C6D9-3535-2E8837B7E040}"
EndProject
Project("{FAE04EC0-301F-11D3-BF4B-00C04F79EFBC}") = "Unity.Services.Core.Threading", "Unity.Services.Core.Threading.csproj", "{A171E20D-9DC1-C49B-1719-8CE0487BA6D4}"
EndProject
Project("{FAE04EC0-301F-11D3-BF4B-00C04F79EFBC}") = "Unity.Services.Core.Networking", "Unity.Services.Core.Networking.csproj", "{414517AA-8887-FD3D-D6A9-1361FD897A12}"
EndProject
Project("{FAE04EC0-301F-11D3-BF4B-00C04F79EFBC}") = "Unity.Services.Core", "Unity.Services.Core.csproj", "{812100E8-BF27-0C7B-A3C4-CE9B514CF657}"
EndProject
Project("{FAE04EC0-301F-11D3-BF4B-00C04F79EFBC}") = "Unity.Services.Core.Configuration", "Unity.Services.Core.Configuration.csproj", "{FB8E7889-6AA2-AED2-C406-C5EEFA37C731}"
EndProject
Project("{FAE04EC0-301F-11D3-BF4B-00C04F79EFBC}") = "Unity.PlasticSCM.Editor", "Unity.PlasticSCM.Editor.csproj", "{283DFCB3-BF3D-75DC-5EA9-194185DF191B}"
EndProject
Project("{FAE04EC0-301F-11D3-BF4B-00C04F79EFBC}") = "Unity.VisualScripting.Core.Editor", "Unity.VisualScripting.Core.Editor.csproj", "{291F683C-53EF-9918-533D-8A3C32B13210}"
EndProject
Project("{FAE04EC0-301F-11D3-BF4B-00C04F79EFBC}") = "Unity.VisualScripting.Flow.Editor", "Unity.VisualScripting.Flow.Editor.csproj", "{8546EC4A-B0EC-2F70-B41A-9000EA84EC97}"
EndProject
Project("{FAE04EC0-301F-11D3-BF4B-00C04F79EFBC}") = "Unity.VisualStudio.Editor", "Unity.VisualStudio.Editor.csproj", "{498498A3-2B6C-4BAE-B461-BD6E47BE7053}"
EndProject
Project("{FAE04EC0-301F-11D3-BF4B-00C04F79EFBC}") = "Unity.Timeline.Editor", "Unity.Timeline.Editor.csproj", "{CD5CCEA5-B5A7-DD20-9CA3-1D644D1E0E06}"
EndProject
Project("{FAE04EC0-301F-11D3-BF4B-00C04F79EFBC}") = "Unity.VisualScripting.State.Editor", "Unity.VisualScripting.State.Editor.csproj", "{89EF14BE-413E-287A-FCA5-8D1BBB6657EB}"
EndProject
Project("{FAE04EC0-301F-11D3-BF4B-00C04F79EFBC}") = "Unity.TextMeshPro.Editor", "Unity.TextMeshPro.Editor.csproj", "{50999396-7197-A05B-5D78-EB9AAF4568EE}"
EndProject
Project("{FAE04EC0-301F-11D3-BF4B-00C04F79EFBC}") = "Unity.VisualScripting.SettingsProvider.Editor", "Unity.VisualScripting.SettingsProvider.Editor.csproj", "{BA0AE58A-3345-7362-0724-33956903CB67}"
EndProject
Project("{FAE04EC0-301F-11D3-BF4B-00C04F79EFBC}") = "Unity.CollabProxy.Editor", "Unity.CollabProxy.Editor.csproj", "{1BD257C4-9753-C593-DD7D-DDEE6916720F}"
EndProject
Project("{FAE04EC0-301F-11D3-BF4B-00C04F79EFBC}") = "Unity.Postprocessing.Editor", "Unity.Postprocessing.Editor.csproj", "{D0FB3C67-4779-9288-1C97-F9C4B922ABC0}"
EndProject
Project("{FAE04EC0-301F-11D3-BF4B-00C04F79EFBC}") = "UnityEditor.TestRunner", "UnityEditor.TestRunner.csproj", "{714C1E5A-DA1C-727B-868B-E67963EAD4B1}"
EndProject
Project("{FAE04EC0-301F-11D3-BF4B-00C04F79EFBC}") = "Unity.Services.Core.Editor", "Unity.Services.Core.Editor.csproj", "{5F7E20EC-5E0F-C316-2BDC-85FC65FA5515}"
EndProject
Project("{FAE04EC0-301F-11D3-BF4B-00C04F79EFBC}") = "Unity.Rider.Editor", "Unity.Rider.Editor.csproj", "{B9D379D5-7243-8EB8-0BA0-25EAE6B5619F}"
EndProject
Project("{FAE04EC0-301F-11D3-BF4B-00C04F79EFBC}") = "Unity.VSCode.Editor", "Unity.VSCode.Editor.csproj", "{EB6BA5BF-D521-E638-25D3-00FFD9E63309}"
EndProject
Project("{FAE04EC0-301F-11D3-BF4B-00C04F79EFBC}") = "UnityEditor.UI", "UnityEditor.UI.csproj", "{C602F259-9288-A9CB-85BE-2BC0D7335CC1}"
EndProject
Project("{FAE04EC0-301F-11D3-BF4B-00C04F79EFBC}") = "Unity.Services.Core.Configuration.Editor", "Unity.Services.Core.Configuration.Editor.csproj", "{EDF3868C-E9BC-2E29-F228-360627670EF8}"
EndProject
Project("{FAE04EC0-301F-11D3-BF4B-00C04F79EFBC}") = "Unity.VisualScripting.Shared.Editor", "Unity.VisualScripting.Shared.Editor.csproj", "{D085CD6C-EC46-A44F-6AFC-F0D1D147EF13}"
EndProject
Global
	GlobalSection(SolutionConfigurationPlatforms) = preSolution
		Debug|Any CPU = Debug|Any CPU
		Release|Any CPU = Release|Any CPU
	EndGlobalSection
	GlobalSection(ProjectConfigurationPlatforms) = postSolution
		{5F265016-F71F-A07C-C1D4-8CDF127B6FE7}.Debug|Any CPU.ActiveCfg = Debug|Any CPU
		{5F265016-F71F-A07C-C1D4-8CDF127B6FE7}.Debug|Any CPU.Build.0 = Debug|Any CPU
		{5F265016-F71F-A07C-C1D4-8CDF127B6FE7}.Release|Any CPU.ActiveCfg = Release|Any CPU
		{5F265016-F71F-A07C-C1D4-8CDF127B6FE7}.Release|Any CPU.Build.0 = Release|Any CPU
		{5778E7EC-46C2-0997-ECE5-C40D041DD8C3}.Debug|Any CPU.ActiveCfg = Debug|Any CPU
		{5778E7EC-46C2-0997-ECE5-C40D041DD8C3}.Debug|Any CPU.Build.0 = Debug|Any CPU
		{5778E7EC-46C2-0997-ECE5-C40D041DD8C3}.Release|Any CPU.ActiveCfg = Release|Any CPU
		{5778E7EC-46C2-0997-ECE5-C40D041DD8C3}.Release|Any CPU.Build.0 = Release|Any CPU
		{1C08EA7F-F5E8-83B3-E627-84A09E5B0E50}.Debug|Any CPU.ActiveCfg = Debug|Any CPU
		{1C08EA7F-F5E8-83B3-E627-84A09E5B0E50}.Debug|Any CPU.Build.0 = Debug|Any CPU
		{1C08EA7F-F5E8-83B3-E627-84A09E5B0E50}.Release|Any CPU.ActiveCfg = Release|Any CPU
		{1C08EA7F-F5E8-83B3-E627-84A09E5B0E50}.Release|Any CPU.Build.0 = Release|Any CPU
		{E9C489F1-7207-3BB5-486B-3092E99D313D}.Debug|Any CPU.ActiveCfg = Debug|Any CPU
		{E9C489F1-7207-3BB5-486B-3092E99D313D}.Debug|Any CPU.Build.0 = Debug|Any CPU
		{E9C489F1-7207-3BB5-486B-3092E99D313D}.Release|Any CPU.ActiveCfg = Release|Any CPU
		{E9C489F1-7207-3BB5-486B-3092E99D313D}.Release|Any CPU.Build.0 = Release|Any CPU
		{52679AE5-C354-8061-168C-F3D540F1EFEC}.Debug|Any CPU.ActiveCfg = Debug|Any CPU
		{52679AE5-C354-8061-168C-F3D540F1EFEC}.Debug|Any CPU.Build.0 = Debug|Any CPU
		{52679AE5-C354-8061-168C-F3D540F1EFEC}.Release|Any CPU.ActiveCfg = Release|Any CPU
		{52679AE5-C354-8061-168C-F3D540F1EFEC}.Release|Any CPU.Build.0 = Release|Any CPU
		{2574FF86-D934-0512-A12B-52FEF977A7E9}.Debug|Any CPU.ActiveCfg = Debug|Any CPU
		{2574FF86-D934-0512-A12B-52FEF977A7E9}.Debug|Any CPU.Build.0 = Debug|Any CPU
		{2574FF86-D934-0512-A12B-52FEF977A7E9}.Release|Any CPU.ActiveCfg = Release|Any CPU
		{2574FF86-D934-0512-A12B-52FEF977A7E9}.Release|Any CPU.Build.0 = Release|Any CPU
		{86DFB4D4-270F-19B2-7665-493DE1A99191}.Debug|Any CPU.ActiveCfg = Debug|Any CPU
		{86DFB4D4-270F-19B2-7665-493DE1A99191}.Debug|Any CPU.Build.0 = Debug|Any CPU
		{86DFB4D4-270F-19B2-7665-493DE1A99191}.Release|Any CPU.ActiveCfg = Release|Any CPU
		{86DFB4D4-270F-19B2-7665-493DE1A99191}.Release|Any CPU.Build.0 = Release|Any CPU
		{EC5DADD9-BB11-2B02-2D57-942BFF70F7E8}.Debug|Any CPU.ActiveCfg = Debug|Any CPU
		{EC5DADD9-BB11-2B02-2D57-942BFF70F7E8}.Debug|Any CPU.Build.0 = Debug|Any CPU
		{EC5DADD9-BB11-2B02-2D57-942BFF70F7E8}.Release|Any CPU.ActiveCfg = Release|Any CPU
		{EC5DADD9-BB11-2B02-2D57-942BFF70F7E8}.Release|Any CPU.Build.0 = Release|Any CPU
		{C63031CD-EFEF-7BD8-81A5-41A088AE9E1D}.Debug|Any CPU.ActiveCfg = Debug|Any CPU
		{C63031CD-EFEF-7BD8-81A5-41A088AE9E1D}.Debug|Any CPU.Build.0 = Debug|Any CPU
		{C63031CD-EFEF-7BD8-81A5-41A088AE9E1D}.Release|Any CPU.ActiveCfg = Release|Any CPU
		{C63031CD-EFEF-7BD8-81A5-41A088AE9E1D}.Release|Any CPU.Build.0 = Release|Any CPU
		{38F022C6-91D4-F481-7F96-54B5BB4321F5}.Debug|Any CPU.ActiveCfg = Debug|Any CPU
		{38F022C6-91D4-F481-7F96-54B5BB4321F5}.Debug|Any CPU.Build.0 = Debug|Any CPU
		{38F022C6-91D4-F481-7F96-54B5BB4321F5}.Release|Any CPU.ActiveCfg = Release|Any CPU
		{38F022C6-91D4-F481-7F96-54B5BB4321F5}.Release|Any CPU.Build.0 = Release|Any CPU
		{2953A1E6-75BC-9AAF-5004-3C38C5861D6E}.Debug|Any CPU.ActiveCfg = Debug|Any CPU
		{2953A1E6-75BC-9AAF-5004-3C38C5861D6E}.Debug|Any CPU.Build.0 = Debug|Any CPU
		{2953A1E6-75BC-9AAF-5004-3C38C5861D6E}.Release|Any CPU.ActiveCfg = Release|Any CPU
		{2953A1E6-75BC-9AAF-5004-3C38C5861D6E}.Release|Any CPU.Build.0 = Release|Any CPU
		{4E56B0C2-8691-0D53-5808-53027FAA3637}.Debug|Any CPU.ActiveCfg = Debug|Any CPU
		{4E56B0C2-8691-0D53-5808-53027FAA3637}.Debug|Any CPU.Build.0 = Debug|Any CPU
		{4E56B0C2-8691-0D53-5808-53027FAA3637}.Release|Any CPU.ActiveCfg = Release|Any CPU
		{4E56B0C2-8691-0D53-5808-53027FAA3637}.Release|Any CPU.Build.0 = Release|Any CPU
		{3EA6B68D-D93E-7C64-E149-B3CE72EA4BA6}.Debug|Any CPU.ActiveCfg = Debug|Any CPU
		{3EA6B68D-D93E-7C64-E149-B3CE72EA4BA6}.Debug|Any CPU.Build.0 = Debug|Any CPU
		{3EA6B68D-D93E-7C64-E149-B3CE72EA4BA6}.Release|Any CPU.ActiveCfg = Release|Any CPU
		{3EA6B68D-D93E-7C64-E149-B3CE72EA4BA6}.Release|Any CPU.Build.0 = Release|Any CPU
		{12CFE68A-EF51-B35A-FB54-B8174B7669CE}.Debug|Any CPU.ActiveCfg = Debug|Any CPU
		{12CFE68A-EF51-B35A-FB54-B8174B7669CE}.Debug|Any CPU.Build.0 = Debug|Any CPU
		{12CFE68A-EF51-B35A-FB54-B8174B7669CE}.Release|Any CPU.ActiveCfg = Release|Any CPU
		{12CFE68A-EF51-B35A-FB54-B8174B7669CE}.Release|Any CPU.Build.0 = Release|Any CPU
		{2B9E1938-5BC9-8B51-5850-71DB0547A055}.Debug|Any CPU.ActiveCfg = Debug|Any CPU
		{2B9E1938-5BC9-8B51-5850-71DB0547A055}.Debug|Any CPU.Build.0 = Debug|Any CPU
		{2B9E1938-5BC9-8B51-5850-71DB0547A055}.Release|Any CPU.ActiveCfg = Release|Any CPU
		{2B9E1938-5BC9-8B51-5850-71DB0547A055}.Release|Any CPU.Build.0 = Release|Any CPU
		{9E4AC0A9-1C49-F8BE-0B81-656CA68D6361}.Debug|Any CPU.ActiveCfg = Debug|Any CPU
		{9E4AC0A9-1C49-F8BE-0B81-656CA68D6361}.Debug|Any CPU.Build.0 = Debug|Any CPU
		{9E4AC0A9-1C49-F8BE-0B81-656CA68D6361}.Release|Any CPU.ActiveCfg = Release|Any CPU
		{9E4AC0A9-1C49-F8BE-0B81-656CA68D6361}.Release|Any CPU.Build.0 = Release|Any CPU
		{8E44CADA-F2D2-C6D9-3535-2E8837B7E040}.Debug|Any CPU.ActiveCfg = Debug|Any CPU
		{8E44CADA-F2D2-C6D9-3535-2E8837B7E040}.Debug|Any CPU.Build.0 = Debug|Any CPU
		{8E44CADA-F2D2-C6D9-3535-2E8837B7E040}.Release|Any CPU.ActiveCfg = Release|Any CPU
		{8E44CADA-F2D2-C6D9-3535-2E8837B7E040}.Release|Any CPU.Build.0 = Release|Any CPU
		{A171E20D-9DC1-C49B-1719-8CE0487BA6D4}.Debug|Any CPU.ActiveCfg = Debug|Any CPU
		{A171E20D-9DC1-C49B-1719-8CE0487BA6D4}.Debug|Any CPU.Build.0 = Debug|Any CPU
		{A171E20D-9DC1-C49B-1719-8CE0487BA6D4}.Release|Any CPU.ActiveCfg = Release|Any CPU
		{A171E20D-9DC1-C49B-1719-8CE0487BA6D4}.Release|Any CPU.Build.0 = Release|Any CPU
		{414517AA-8887-FD3D-D6A9-1361FD897A12}.Debug|Any CPU.ActiveCfg = Debug|Any CPU
		{414517AA-8887-FD3D-D6A9-1361FD897A12}.Debug|Any CPU.Build.0 = Debug|Any CPU
		{414517AA-8887-FD3D-D6A9-1361FD897A12}.Release|Any CPU.ActiveCfg = Release|Any CPU
		{414517AA-8887-FD3D-D6A9-1361FD897A12}.Release|Any CPU.Build.0 = Release|Any CPU
		{812100E8-BF27-0C7B-A3C4-CE9B514CF657}.Debug|Any CPU.ActiveCfg = Debug|Any CPU
		{812100E8-BF27-0C7B-A3C4-CE9B514CF657}.Debug|Any CPU.Build.0 = Debug|Any CPU
		{812100E8-BF27-0C7B-A3C4-CE9B514CF657}.Release|Any CPU.ActiveCfg = Release|Any CPU
		{812100E8-BF27-0C7B-A3C4-CE9B514CF657}.Release|Any CPU.Build.0 = Release|Any CPU
		{FB8E7889-6AA2-AED2-C406-C5EEFA37C731}.Debug|Any CPU.ActiveCfg = Debug|Any CPU
		{FB8E7889-6AA2-AED2-C406-C5EEFA37C731}.Debug|Any CPU.Build.0 = Debug|Any CPU
		{FB8E7889-6AA2-AED2-C406-C5EEFA37C731}.Release|Any CPU.ActiveCfg = Release|Any CPU
		{FB8E7889-6AA2-AED2-C406-C5EEFA37C731}.Release|Any CPU.Build.0 = Release|Any CPU
		{283DFCB3-BF3D-75DC-5EA9-194185DF191B}.Debug|Any CPU.ActiveCfg = Debug|Any CPU
		{283DFCB3-BF3D-75DC-5EA9-194185DF191B}.Debug|Any CPU.Build.0 = Debug|Any CPU
		{283DFCB3-BF3D-75DC-5EA9-194185DF191B}.Release|Any CPU.ActiveCfg = Release|Any CPU
		{283DFCB3-BF3D-75DC-5EA9-194185DF191B}.Release|Any CPU.Build.0 = Release|Any CPU
		{291F683C-53EF-9918-533D-8A3C32B13210}.Debug|Any CPU.ActiveCfg = Debug|Any CPU
		{291F683C-53EF-9918-533D-8A3C32B13210}.Debug|Any CPU.Build.0 = Debug|Any CPU
		{291F683C-53EF-9918-533D-8A3C32B13210}.Release|Any CPU.ActiveCfg = Release|Any CPU
		{291F683C-53EF-9918-533D-8A3C32B13210}.Release|Any CPU.Build.0 = Release|Any CPU
		{8546EC4A-B0EC-2F70-B41A-9000EA84EC97}.Debug|Any CPU.ActiveCfg = Debug|Any CPU
		{8546EC4A-B0EC-2F70-B41A-9000EA84EC97}.Debug|Any CPU.Build.0 = Debug|Any CPU
		{8546EC4A-B0EC-2F70-B41A-9000EA84EC97}.Release|Any CPU.ActiveCfg = Release|Any CPU
		{8546EC4A-B0EC-2F70-B41A-9000EA84EC97}.Release|Any CPU.Build.0 = Release|Any CPU
		{498498A3-2B6C-4BAE-B461-BD6E47BE7053}.Debug|Any CPU.ActiveCfg = Debug|Any CPU
		{498498A3-2B6C-4BAE-B461-BD6E47BE7053}.Debug|Any CPU.Build.0 = Debug|Any CPU
		{498498A3-2B6C-4BAE-B461-BD6E47BE7053}.Release|Any CPU.ActiveCfg = Release|Any CPU
		{498498A3-2B6C-4BAE-B461-BD6E47BE7053}.Release|Any CPU.Build.0 = Release|Any CPU
		{CD5CCEA5-B5A7-DD20-9CA3-1D644D1E0E06}.Debug|Any CPU.ActiveCfg = Debug|Any CPU
		{CD5CCEA5-B5A7-DD20-9CA3-1D644D1E0E06}.Debug|Any CPU.Build.0 = Debug|Any CPU
		{CD5CCEA5-B5A7-DD20-9CA3-1D644D1E0E06}.Release|Any CPU.ActiveCfg = Release|Any CPU
		{CD5CCEA5-B5A7-DD20-9CA3-1D644D1E0E06}.Release|Any CPU.Build.0 = Release|Any CPU
		{89EF14BE-413E-287A-FCA5-8D1BBB6657EB}.Debug|Any CPU.ActiveCfg = Debug|Any CPU
		{89EF14BE-413E-287A-FCA5-8D1BBB6657EB}.Debug|Any CPU.Build.0 = Debug|Any CPU
		{89EF14BE-413E-287A-FCA5-8D1BBB6657EB}.Release|Any CPU.ActiveCfg = Release|Any CPU
		{89EF14BE-413E-287A-FCA5-8D1BBB6657EB}.Release|Any CPU.Build.0 = Release|Any CPU
		{50999396-7197-A05B-5D78-EB9AAF4568EE}.Debug|Any CPU.ActiveCfg = Debug|Any CPU
		{50999396-7197-A05B-5D78-EB9AAF4568EE}.Debug|Any CPU.Build.0 = Debug|Any CPU
		{50999396-7197-A05B-5D78-EB9AAF4568EE}.Release|Any CPU.ActiveCfg = Release|Any CPU
		{50999396-7197-A05B-5D78-EB9AAF4568EE}.Release|Any CPU.Build.0 = Release|Any CPU
		{BA0AE58A-3345-7362-0724-33956903CB67}.Debug|Any CPU.ActiveCfg = Debug|Any CPU
		{BA0AE58A-3345-7362-0724-33956903CB67}.Debug|Any CPU.Build.0 = Debug|Any CPU
		{BA0AE58A-3345-7362-0724-33956903CB67}.Release|Any CPU.ActiveCfg = Release|Any CPU
		{BA0AE58A-3345-7362-0724-33956903CB67}.Release|Any CPU.Build.0 = Release|Any CPU
		{1BD257C4-9753-C593-DD7D-DDEE6916720F}.Debug|Any CPU.ActiveCfg = Debug|Any CPU
		{1BD257C4-9753-C593-DD7D-DDEE6916720F}.Debug|Any CPU.Build.0 = Debug|Any CPU
		{1BD257C4-9753-C593-DD7D-DDEE6916720F}.Release|Any CPU.ActiveCfg = Release|Any CPU
		{1BD257C4-9753-C593-DD7D-DDEE6916720F}.Release|Any CPU.Build.0 = Release|Any CPU
		{D0FB3C67-4779-9288-1C97-F9C4B922ABC0}.Debug|Any CPU.ActiveCfg = Debug|Any CPU
		{D0FB3C67-4779-9288-1C97-F9C4B922ABC0}.Debug|Any CPU.Build.0 = Debug|Any CPU
		{D0FB3C67-4779-9288-1C97-F9C4B922ABC0}.Release|Any CPU.ActiveCfg = Release|Any CPU
		{D0FB3C67-4779-9288-1C97-F9C4B922ABC0}.Release|Any CPU.Build.0 = Release|Any CPU
		{714C1E5A-DA1C-727B-868B-E67963EAD4B1}.Debug|Any CPU.ActiveCfg = Debug|Any CPU
		{714C1E5A-DA1C-727B-868B-E67963EAD4B1}.Debug|Any CPU.Build.0 = Debug|Any CPU
		{714C1E5A-DA1C-727B-868B-E67963EAD4B1}.Release|Any CPU.ActiveCfg = Release|Any CPU
		{714C1E5A-DA1C-727B-868B-E67963EAD4B1}.Release|Any CPU.Build.0 = Release|Any CPU
		{5F7E20EC-5E0F-C316-2BDC-85FC65FA5515}.Debug|Any CPU.ActiveCfg = Debug|Any CPU
		{5F7E20EC-5E0F-C316-2BDC-85FC65FA5515}.Debug|Any CPU.Build.0 = Debug|Any CPU
		{5F7E20EC-5E0F-C316-2BDC-85FC65FA5515}.Release|Any CPU.ActiveCfg = Release|Any CPU
		{5F7E20EC-5E0F-C316-2BDC-85FC65FA5515}.Release|Any CPU.Build.0 = Release|Any CPU
		{B9D379D5-7243-8EB8-0BA0-25EAE6B5619F}.Debug|Any CPU.ActiveCfg = Debug|Any CPU
		{B9D379D5-7243-8EB8-0BA0-25EAE6B5619F}.Debug|Any CPU.Build.0 = Debug|Any CPU
		{B9D379D5-7243-8EB8-0BA0-25EAE6B5619F}.Release|Any CPU.ActiveCfg = Release|Any CPU
		{B9D379D5-7243-8EB8-0BA0-25EAE6B5619F}.Release|Any CPU.Build.0 = Release|Any CPU
		{EB6BA5BF-D521-E638-25D3-00FFD9E63309}.Debug|Any CPU.ActiveCfg = Debug|Any CPU
		{EB6BA5BF-D521-E638-25D3-00FFD9E63309}.Debug|Any CPU.Build.0 = Debug|Any CPU
		{EB6BA5BF-D521-E638-25D3-00FFD9E63309}.Release|Any CPU.ActiveCfg = Release|Any CPU
		{EB6BA5BF-D521-E638-25D3-00FFD9E63309}.Release|Any CPU.Build.0 = Release|Any CPU
		{C602F259-9288-A9CB-85BE-2BC0D7335CC1}.Debug|Any CPU.ActiveCfg = Debug|Any CPU
		{C602F259-9288-A9CB-85BE-2BC0D7335CC1}.Debug|Any CPU.Build.0 = Debug|Any CPU
		{C602F259-9288-A9CB-85BE-2BC0D7335CC1}.Release|Any CPU.ActiveCfg = Release|Any CPU
		{C602F259-9288-A9CB-85BE-2BC0D7335CC1}.Release|Any CPU.Build.0 = Release|Any CPU
		{EDF3868C-E9BC-2E29-F228-360627670EF8}.Debug|Any CPU.ActiveCfg = Debug|Any CPU
		{EDF3868C-E9BC-2E29-F228-360627670EF8}.Debug|Any CPU.Build.0 = Debug|Any CPU
		{EDF3868C-E9BC-2E29-F228-360627670EF8}.Release|Any CPU.ActiveCfg = Release|Any CPU
		{EDF3868C-E9BC-2E29-F228-360627670EF8}.Release|Any CPU.Build.0 = Release|Any CPU
		{D085CD6C-EC46-A44F-6AFC-F0D1D147EF13}.Debug|Any CPU.ActiveCfg = Debug|Any CPU
		{D085CD6C-EC46-A44F-6AFC-F0D1D147EF13}.Debug|Any CPU.Build.0 = Debug|Any CPU
		{D085CD6C-EC46-A44F-6AFC-F0D1D147EF13}.Release|Any CPU.ActiveCfg = Release|Any CPU
		{D085CD6C-EC46-A44F-6AFC-F0D1D147EF13}.Release|Any CPU.Build.0 = Release|Any CPU
	EndGlobalSection
	GlobalSection(SolutionProperties) = preSolution
		HideSolutionNode = FALSE
	EndGlobalSection
EndGlobal
